<Solution>
  <Configurations>
    <Platform Name="x64" />
    <Platform Name="x86" />
  </Configurations>
  <Project Path="../Test_02/Test_02.vcxproj" />
  <Project Path="../Test_03/Test_03.vcxproj" />
  <Project Path="../Test_04/Test_04.vcxproj" />
  <Project Path="../Test_05/Test_05.vcxproj" />
  <Project Path="Test_01.vcxproj" />
</Solution>
